
Microsoft Visual Studio Solution File, Format Version 12.00
# Visual Studio Version 16
VisualStudioVersion = 16.0.30621.155
MinimumVisualStudioVersion = 10.0.40219.1
Project("{FAE04EC0-301F-11D3-BF4B-00C04F79EFBC}") = "AccountManager", "AccountManager\AccountManager.csproj", "{DF5A99D4-3233-4319-8ECB-4C42F9826A4F}"
EndProject
Project("{FAE04EC0-301F-11D3-BF4B-00C04F79EFBC}") = "Data", "..\Data\Data.csproj", "{08D06EDA-B093-442D-BF03-571227B1E586}"
EndProject
Project("{FAE04EC0-301F-11D3-BF4B-00C04F79EFBC}") = "VstJson", "..\..\VstJson\VstJson\VstJson.csproj", "{D1FED0F1-1F3C-4ADF-86FC-3DE6530989A0}"
EndProject
Project("{FAE04EC0-301F-11D3-BF4B-00C04F79EFBC}") = "AksSecurityModel", "..\Broker\AksSecurityModel\AksSecurityModel.csproj", "{F7A96CE3-2365-4AFE-AACA-7DAD080CEBF5}"
EndProject
Project("{FAE04EC0-301F-11D3-BF4B-00C04F79EFBC}") = "ServerBase", "..\ServerBase\ServerBase.csproj", "{9E1FD45F-F462-4329-8373-F3233BCA2376}"
EndProject
Project("{FAE04EC0-301F-11D3-BF4B-00C04F79EFBC}") = "Mqtt.Models", "..\..\Mqtt.Models\Mqtt.Models.csproj", "{CC0F392C-D609-42B0-AF5C-7AEB821FE827}"
EndProject
Global
	GlobalSection(SolutionConfigurationPlatforms) = preSolution
		Debug|Any CPU = Debug|Any CPU
		Release|Any CPU = Release|Any CPU
	EndGlobalSection
	GlobalSection(ProjectConfigurationPlatforms) = postSolution
		{DF5A99D4-3233-4319-8ECB-4C42F9826A4F}.Debug|Any CPU.ActiveCfg = Debug|Any CPU
		{DF5A99D4-3233-4319-8ECB-4C42F9826A4F}.Debug|Any CPU.Build.0 = Debug|Any CPU
		{DF5A99D4-3233-4319-8ECB-4C42F9826A4F}.Release|Any CPU.ActiveCfg = Release|Any CPU
		{DF5A99D4-3233-4319-8ECB-4C42F9826A4F}.Release|Any CPU.Build.0 = Release|Any CPU
		{08D06EDA-B093-442D-BF03-571227B1E586}.Debug|Any CPU.ActiveCfg = Debug|Any CPU
		{08D06EDA-B093-442D-BF03-571227B1E586}.Debug|Any CPU.Build.0 = Debug|Any CPU
		{08D06EDA-B093-442D-BF03-571227B1E586}.Release|Any CPU.ActiveCfg = Release|Any CPU
		{08D06EDA-B093-442D-BF03-571227B1E586}.Release|Any CPU.Build.0 = Release|Any CPU
		{D1FED0F1-1F3C-4ADF-86FC-3DE6530989A0}.Debug|Any CPU.ActiveCfg = Debug|Any CPU
		{D1FED0F1-1F3C-4ADF-86FC-3DE6530989A0}.Debug|Any CPU.Build.0 = Debug|Any CPU
		{D1FED0F1-1F3C-4ADF-86FC-3DE6530989A0}.Release|Any CPU.ActiveCfg = Release|Any CPU
		{D1FED0F1-1F3C-4ADF-86FC-3DE6530989A0}.Release|Any CPU.Build.0 = Release|Any CPU
		{F7A96CE3-2365-4AFE-AACA-7DAD080CEBF5}.Debug|Any CPU.ActiveCfg = Debug|Any CPU
		{F7A96CE3-2365-4AFE-AACA-7DAD080CEBF5}.Debug|Any CPU.Build.0 = Debug|Any CPU
		{F7A96CE3-2365-4AFE-AACA-7DAD080CEBF5}.Release|Any CPU.ActiveCfg = Release|Any CPU
		{F7A96CE3-2365-4AFE-AACA-7DAD080CEBF5}.Release|Any CPU.Build.0 = Release|Any CPU
		{9E1FD45F-F462-4329-8373-F3233BCA2376}.Debug|Any CPU.ActiveCfg = Debug|Any CPU
		{9E1FD45F-F462-4329-8373-F3233BCA2376}.Debug|Any CPU.Build.0 = Debug|Any CPU
		{9E1FD45F-F462-4329-8373-F3233BCA2376}.Release|Any CPU.ActiveCfg = Release|Any CPU
		{9E1FD45F-F462-4329-8373-F3233BCA2376}.Release|Any CPU.Build.0 = Release|Any CPU
		{CC0F392C-D609-42B0-AF5C-7AEB821FE827}.Debug|Any CPU.ActiveCfg = Debug|Any CPU
		{CC0F392C-D609-42B0-AF5C-7AEB821FE827}.Debug|Any CPU.Build.0 = Debug|Any CPU
		{CC0F392C-D609-42B0-AF5C-7AEB821FE827}.Release|Any CPU.ActiveCfg = Release|Any CPU
		{CC0F392C-D609-42B0-AF5C-7AEB821FE827}.Release|Any CPU.Build.0 = Release|Any CPU
	EndGlobalSection
	GlobalSection(SolutionProperties) = preSolution
		HideSolutionNode = FALSE
	EndGlobalSection
	GlobalSection(ExtensibilityGlobals) = postSolution
		SolutionGuid = {D9C87000-F656-4806-9C7F-B390B3EAD387}
	EndGlobalSection
EndGlobal
